
Microsoft Visual Studio Solution File, Format Version 12.00
# Visual Studio Version 17
VisualStudioVersion = 17.11.35327.3
MinimumVisualStudioVersion = 10.0.40219.1
Project("{FAE04EC0-301F-11D3-BF4B-00C04F79EFBC}") = "WebApplication3", "WebApplication3\WebApplication3.csproj", "{B5145F51-8AA1-4AA1-A48A-9D046B45733C}"
EndProject
Global
	GlobalSection(SolutionConfigurationPlatforms) = preSolution
		Debug|Any CPU = Debug|Any CPU
		Release|Any CPU = Release|Any CPU
	EndGlobalSection
	GlobalSection(ProjectConfigurationPlatforms) = postSolution
		{B5145F51-8AA1-4AA1-A48A-9D046B45733C}.Debug|Any CPU.ActiveCfg = Debug|Any CPU
		{B5145F51-8AA1-4AA1-A48A-9D046B45733C}.Debug|Any CPU.Build.0 = Debug|Any CPU
		{B5145F51-8AA1-4AA1-A48A-9D046B45733C}.Release|Any CPU.ActiveCfg = Release|Any CPU
		{B5145F51-8AA1-4AA1-A48A-9D046B45733C}.Release|Any CPU.Build.0 = Release|Any CPU
	EndGlobalSection
	GlobalSection(SolutionProperties) = preSolution
		HideSolutionNode = FALSE
	EndGlobalSection
	GlobalSection(ExtensibilityGlobals) = postSolution
		SolutionGuid = {336E9801-56F2-456D-AED8-3AF3C6DB4D45}
	EndGlobalSection
EndGlobal
